// !$*UTF8*$!
{
	archiveVersion = 1;
	classes = {
	};
	objectVersion = 46;
	objects = {

/* Begin PBXBuildFile section */
		C92B057E19BD32550053E270 /* SetGameViewController.m in Sources */ = {isa = PBXBuildFile; fileRef = C92B057D19BD32550053E270 /* SetGameViewController.m */; };
		C963C567195A4F9D00762062 /* CardMatchingGame.m in Sources */ = {isa = PBXBuildFile; fileRef = C963C566195A4F9D00762062 /* CardMatchingGame.m */; };
		C98D16CB196B27870039E3B2 /* PlayingCardGameViewController.m in Sources */ = {isa = PBXBuildFile; fileRef = C98D16CA196B27870039E3B2 /* PlayingCardGameViewController.m */; };
		C9C318AD1977837C00F45733 /* SetMatchingGame.m in Sources */ = {isa = PBXBuildFile; fileRef = C9C318AC1977837C00F45733 /* SetMatchingGame.m */; };
		C9D68D691976383F00CAA45D /* SetCard.m in Sources */ = {isa = PBXBuildFile; fileRef = C9D68D681976383F00CAA45D /* SetCard.m */; };
		C9D68D6C197653AB00CAA45D /* SetCardDeck.m in Sources */ = {isa = PBXBuildFile; fileRef = C9D68D6B197653AB00CAA45D /* SetCardDeck.m */; };
		C9E09BC1195A3BAF001FDE99 /* Foundation.framework in Frameworks */ = {isa = PBXBuildFile; fileRef = C9E09BC0195A3BAF001FDE99 /* Foundation.framework */; };
		C9E09BC3195A3BAF001FDE99 /* CoreGraphics.framework in Frameworks */ = {isa = PBXBuildFile; fileRef = C9E09BC2195A3BAF001FDE99 /* CoreGraphics.framework */; };
		C9E09BC5195A3BAF001FDE99 /* UIKit.framework in Frameworks */ = {isa = PBXBuildFile; fileRef = C9E09BC4195A3BAF001FDE99 /* UIKit.framework */; };
		C9E09BCB195A3BAF001FDE99 /* InfoPlist.strings in Resources */ = {isa = PBXBuildFile; fileRef = C9E09BC9195A3BAF001FDE99 /* InfoPlist.strings */; };
		C9E09BCD195A3BAF001FDE99 /* main.m in Sources */ = {isa = PBXBuildFile; fileRef = C9E09BCC195A3BAF001FDE99 /* main.m */; };
		C9E09BD1195A3BAF001FDE99 /* CardGameAppDelegate.m in Sources */ = {isa = PBXBuildFile; fileRef = C9E09BD0195A3BAF001FDE99 /* CardGameAppDelegate.m */; };
		C9E09BD4195A3BAF001FDE99 /* Main.storyboard in Resources */ = {isa = PBXBuildFile; fileRef = C9E09BD2195A3BAF001FDE99 /* Main.storyboard */; };
		C9E09BD7195A3BAF001FDE99 /* CardGameViewController.m in Sources */ = {isa = PBXBuildFile; fileRef = C9E09BD6195A3BAF001FDE99 /* CardGameViewController.m */; };
		C9E09BD9195A3BAF001FDE99 /* Images.xcassets in Resources */ = {isa = PBXBuildFile; fileRef = C9E09BD8195A3BAF001FDE99 /* Images.xcassets */; };
		C9E09BE0195A3BAF001FDE99 /* XCTest.framework in Frameworks */ = {isa = PBXBuildFile; fileRef = C9E09BDF195A3BAF001FDE99 /* XCTest.framework */; };
		C9E09BE1195A3BAF001FDE99 /* Foundation.framework in Frameworks */ = {isa = PBXBuildFile; fileRef = C9E09BC0195A3BAF001FDE99 /* Foundation.framework */; };
		C9E09BE2195A3BAF001FDE99 /* UIKit.framework in Frameworks */ = {isa = PBXBuildFile; fileRef = C9E09BC4195A3BAF001FDE99 /* UIKit.framework */; };
		C9E09BEA195A3BAF001FDE99 /* InfoPlist.strings in Resources */ = {isa = PBXBuildFile; fileRef = C9E09BE8195A3BAF001FDE99 /* InfoPlist.strings */; };
		C9E09BEC195A3BAF001FDE99 /* MatchGameTests.m in Sources */ = {isa = PBXBuildFile; fileRef = C9E09BEB195A3BAF001FDE99 /* MatchGameTests.m */; };
		C9E09BF8195A3C1F001FDE99 /* Card.m in Sources */ = {isa = PBXBuildFile; fileRef = C9E09BF7195A3C1F001FDE99 /* Card.m */; };
		C9E09BFF195A3C32001FDE99 /* Deck.m in Sources */ = {isa = PBXBuildFile; fileRef = C9E09BFA195A3C32001FDE99 /* Deck.m */; };
		C9E09C00195A3C32001FDE99 /* PlayingCard.m in Sources */ = {isa = PBXBuildFile; fileRef = C9E09BFC195A3C32001FDE99 /* PlayingCard.m */; };
		C9E09C01195A3C32001FDE99 /* PlayingCardDeck.m in Sources */ = {isa = PBXBuildFile; fileRef = C9E09BFE195A3C32001FDE99 /* PlayingCardDeck.m */; };
/* End PBXBuildFile section */

/* Begin PBXContainerItemProxy section */
		C9E09BE3195A3BAF001FDE99 /* PBXContainerItemProxy */ = {
			isa = PBXContainerItemProxy;
			containerPortal = C9E09BB5195A3BAE001FDE99 /* Project object */;
			proxyType = 1;
			remoteGlobalIDString = C9E09BBC195A3BAE001FDE99;
			remoteInfo = MatchGame;
		};
/* End PBXContainerItemProxy section */

/* Begin PBXFileReference section */
		C92B057C19BD32550053E270 /* SetGameViewController.h */ = {isa = PBXFileReference; fileEncoding = 4; lastKnownFileType = sourcecode.c.h; path = SetGameViewController.h; sourceTree = "<group>"; };
		C92B057D19BD32550053E270 /* SetGameViewController.m */ = {isa = PBXFileReference; fileEncoding = 4; lastKnownFileType = sourcecode.c.objc; path = SetGameViewController.m; sourceTree = "<group>"; };
		C963C565195A4F9D00762062 /* CardMatchingGame.h */ = {isa = PBXFileReference; fileEncoding = 4; lastKnownFileType = sourcecode.c.h; name = CardMatchingGame.h; path = Model/CardMatchingGame.h; sourceTree = "<group>"; };
		C963C566195A4F9D00762062 /* CardMatchingGame.m */ = {isa = PBXFileReference; fileEncoding = 4; lastKnownFileType = sourcecode.c.objc; name = CardMatchingGame.m; path = Model/CardMatchingGame.m; sourceTree = "<group>"; };
		C98D16C9196B27870039E3B2 /* PlayingCardGameViewController.h */ = {isa = PBXFileReference; fileEncoding = 4; lastKnownFileType = sourcecode.c.h; path = PlayingCardGameViewController.h; sourceTree = "<group>"; };
		C98D16CA196B27870039E3B2 /* PlayingCardGameViewController.m */ = {isa = PBXFileReference; fileEncoding = 4; lastKnownFileType = sourcecode.c.objc; path = PlayingCardGameViewController.m; sourceTree = "<group>"; };
		C9C318AB1977837C00F45733 /* SetMatchingGame.h */ = {isa = PBXFileReference; fileEncoding = 4; lastKnownFileType = sourcecode.c.h; name = SetMatchingGame.h; path = Model/SetMatchingGame.h; sourceTree = "<group>"; };
		C9C318AC1977837C00F45733 /* SetMatchingGame.m */ = {isa = PBXFileReference; fileEncoding = 4; lastKnownFileType = sourcecode.c.objc; name = SetMatchingGame.m; path = Model/SetMatchingGame.m; sourceTree = "<group>"; };
		C9D68D671976383F00CAA45D /* SetCard.h */ = {isa = PBXFileReference; fileEncoding = 4; lastKnownFileType = sourcecode.c.h; name = SetCard.h; path = Model/SetCard.h; sourceTree = "<group>"; };
		C9D68D681976383F00CAA45D /* SetCard.m */ = {isa = PBXFileReference; fileEncoding = 4; lastKnownFileType = sourcecode.c.objc; name = SetCard.m; path = Model/SetCard.m; sourceTree = "<group>"; };
		C9D68D6A197653AB00CAA45D /* SetCardDeck.h */ = {isa = PBXFileReference; fileEncoding = 4; lastKnownFileType = sourcecode.c.h; path = SetCardDeck.h; sourceTree = "<group>"; };
		C9D68D6B197653AB00CAA45D /* SetCardDeck.m */ = {isa = PBXFileReference; fileEncoding = 4; lastKnownFileType = sourcecode.c.objc; path = SetCardDeck.m; sourceTree = "<group>"; };
		C9E09BBD195A3BAF001FDE99 /* MatchGame.app */ = {isa = PBXFileReference; explicitFileType = wrapper.application; includeInIndex = 0; path = MatchGame.app; sourceTree = BUILT_PRODUCTS_DIR; };
		C9E09BC0195A3BAF001FDE99 /* Foundation.framework */ = {isa = PBXFileReference; lastKnownFileType = wrapper.framework; name = Foundation.framework; path = System/Library/Frameworks/Foundation.framework; sourceTree = SDKROOT; };
		C9E09BC2195A3BAF001FDE99 /* CoreGraphics.framework */ = {isa = PBXFileReference; lastKnownFileType = wrapper.framework; name = CoreGraphics.framework; path = System/Library/Frameworks/CoreGraphics.framework; sourceTree = SDKROOT; };
		C9E09BC4195A3BAF001FDE99 /* UIKit.framework */ = {isa = PBXFileReference; lastKnownFileType = wrapper.framework; name = UIKit.framework; path = System/Library/Frameworks/UIKit.framework; sourceTree = SDKROOT; };
		C9E09BC8195A3BAF001FDE99 /* MatchGame-Info.plist */ = {isa = PBXFileReference; lastKnownFileType = text.plist.xml; path = "MatchGame-Info.plist"; sourceTree = "<group>"; };
		C9E09BCA195A3BAF001FDE99 /* en */ = {isa = PBXFileReference; lastKnownFileType = text.plist.strings; name = en; path = en.lproj/InfoPlist.strings; sourceTree = "<group>"; };
		C9E09BCC195A3BAF001FDE99 /* main.m */ = {isa = PBXFileReference; lastKnownFileType = sourcecode.c.objc; path = main.m; sourceTree = "<group>"; };
		C9E09BCE195A3BAF001FDE99 /* MatchGame-Prefix.pch */ = {isa = PBXFileReference; lastKnownFileType = sourcecode.c.h; path = "MatchGame-Prefix.pch"; sourceTree = "<group>"; };
		C9E09BCF195A3BAF001FDE99 /* CardGameAppDelegate.h */ = {isa = PBXFileReference; lastKnownFileType = sourcecode.c.h; path = CardGameAppDelegate.h; sourceTree = "<group>"; };
		C9E09BD0195A3BAF001FDE99 /* CardGameAppDelegate.m */ = {isa = PBXFileReference; lastKnownFileType = sourcecode.c.objc; path = CardGameAppDelegate.m; sourceTree = "<group>"; };
		C9E09BD3195A3BAF001FDE99 /* Base */ = {isa = PBXFileReference; lastKnownFileType = file.storyboard; name = Base; path = Base.lproj/Main.storyboard; sourceTree = "<group>"; };
		C9E09BD5195A3BAF001FDE99 /* CardGameViewController.h */ = {isa = PBXFileReference; lastKnownFileType = sourcecode.c.h; path = CardGameViewController.h; sourceTree = "<group>"; };
		C9E09BD6195A3BAF001FDE99 /* CardGameViewController.m */ = {isa = PBXFileReference; lastKnownFileType = sourcecode.c.objc; path = CardGameViewController.m; sourceTree = "<group>"; };
		C9E09BD8195A3BAF001FDE99 /* Images.xcassets */ = {isa = PBXFileReference; lastKnownFileType = folder.assetcatalog; path = Images.xcassets; sourceTree = "<group>"; };
		C9E09BDE195A3BAF001FDE99 /* MatchGameTests.xctest */ = {isa = PBXFileReference; explicitFileType = wrapper.cfbundle; includeInIndex = 0; path = MatchGameTests.xctest; sourceTree = BUILT_PRODUCTS_DIR; };
		C9E09BDF195A3BAF001FDE99 /* XCTest.framework */ = {isa = PBXFileReference; lastKnownFileType = wrapper.framework; name = XCTest.framework; path = Library/Frameworks/XCTest.framework; sourceTree = DEVELOPER_DIR; };
		C9E09BE7195A3BAF001FDE99 /* MatchGameTests-Info.plist */ = {isa = PBXFileReference; lastKnownFileType = text.plist.xml; path = "MatchGameTests-Info.plist"; sourceTree = "<group>"; };
		C9E09BE9195A3BAF001FDE99 /* en */ = {isa = PBXFileReference; lastKnownFileType = text.plist.strings; name = en; path = en.lproj/InfoPlist.strings; sourceTree = "<group>"; };
		C9E09BEB195A3BAF001FDE99 /* MatchGameTests.m */ = {isa = PBXFileReference; lastKnownFileType = sourcecode.c.objc; path = MatchGameTests.m; sourceTree = "<group>"; };
		C9E09BF6195A3C1F001FDE99 /* Card.h */ = {isa = PBXFileReference; fileEncoding = 4; lastKnownFileType = sourcecode.c.h; name = Card.h; path = Model/Card.h; sourceTree = "<group>"; };
		C9E09BF7195A3C1F001FDE99 /* Card.m */ = {isa = PBXFileReference; fileEncoding = 4; lastKnownFileType = sourcecode.c.objc; name = Card.m; path = Model/Card.m; sourceTree = "<group>"; };
		C9E09BF9195A3C32001FDE99 /* Deck.h */ = {isa = PBXFileReference; fileEncoding = 4; lastKnownFileType = sourcecode.c.h; name = Deck.h; path = Model/Deck.h; sourceTree = "<group>"; };
		C9E09BFA195A3C32001FDE99 /* Deck.m */ = {isa = PBXFileReference; fileEncoding = 4; lastKnownFileType = sourcecode.c.objc; name = Deck.m; path = Model/Deck.m; sourceTree = "<group>"; };
		C9E09BFB195A3C32001FDE99 /* PlayingCard.h */ = {isa = PBXFileReference; fileEncoding = 4; lastKnownFileType = sourcecode.c.h; name = PlayingCard.h; path = Model/PlayingCard.h; sourceTree = "<group>"; };
		C9E09BFC195A3C32001FDE99 /* PlayingCard.m */ = {isa = PBXFileReference; fileEncoding = 4; lastKnownFileType = sourcecode.c.objc; name = PlayingCard.m; path = Model/PlayingCard.m; sourceTree = "<group>"; };
		C9E09BFD195A3C32001FDE99 /* PlayingCardDeck.h */ = {isa = PBXFileReference; fileEncoding = 4; lastKnownFileType = sourcecode.c.h; name = PlayingCardDeck.h; path = Model/PlayingCardDeck.h; sourceTree = "<group>"; };
		C9E09BFE195A3C32001FDE99 /* PlayingCardDeck.m */ = {isa = PBXFileReference; fileEncoding = 4; lastKnownFileType = sourcecode.c.objc; name = PlayingCardDeck.m; path = Model/PlayingCardDeck.m; sourceTree = "<group>"; };
/* End PBXFileReference section */

/* Begin PBXFrameworksBuildPhase section */
		C9E09BBA195A3BAE001FDE99 /* Frameworks */ = {
			isa = PBXFrameworksBuildPhase;
			buildActionMask = 2147483647;
			files = (
				C9E09BC3195A3BAF001FDE99 /* CoreGraphics.framework in Frameworks */,
				C9E09BC5195A3BAF001FDE99 /* UIKit.framework in Frameworks */,
				C9E09BC1195A3BAF001FDE99 /* Foundation.framework in Frameworks */,
			);
			runOnlyForDeploymentPostprocessing = 0;
		};
		C9E09BDB195A3BAF001FDE99 /* Frameworks */ = {
			isa = PBXFrameworksBuildPhase;
			buildActionMask = 2147483647;
			files = (
				C9E09BE0195A3BAF001FDE99 /* XCTest.framework in Frameworks */,
				C9E09BE2195A3BAF001FDE99 /* UIKit.framework in Frameworks */,
				C9E09BE1195A3BAF001FDE99 /* Foundation.framework in Frameworks */,
			);
			runOnlyForDeploymentPostprocessing = 0;
		};
/* End PBXFrameworksBuildPhase section */

/* Begin PBXGroup section */
		C9E09BB4195A3BAE001FDE99 = {
			isa = PBXGroup;
			children = (
				C9E09BC6195A3BAF001FDE99 /* MatchGame */,
				C9E09BE5195A3BAF001FDE99 /* MatchGameTests */,
				C9E09BBF195A3BAF001FDE99 /* Frameworks */,
				C9E09BBE195A3BAF001FDE99 /* Products */,
			);
			sourceTree = "<group>";
		};
		C9E09BBE195A3BAF001FDE99 /* Products */ = {
			isa = PBXGroup;
			children = (
				C9E09BBD195A3BAF001FDE99 /* MatchGame.app */,
				C9E09BDE195A3BAF001FDE99 /* MatchGameTests.xctest */,
			);
			name = Products;
			sourceTree = "<group>";
		};
		C9E09BBF195A3BAF001FDE99 /* Frameworks */ = {
			isa = PBXGroup;
			children = (
				C9E09BC0195A3BAF001FDE99 /* Foundation.framework */,
				C9E09BC2195A3BAF001FDE99 /* CoreGraphics.framework */,
				C9E09BC4195A3BAF001FDE99 /* UIKit.framework */,
				C9E09BDF195A3BAF001FDE99 /* XCTest.framework */,
			);
			name = Frameworks;
			sourceTree = "<group>";
		};
		C9E09BC6195A3BAF001FDE99 /* MatchGame */ = {
			isa = PBXGroup;
			children = (
				C98D16C9196B27870039E3B2 /* PlayingCardGameViewController.h */,
				C98D16CA196B27870039E3B2 /* PlayingCardGameViewController.m */,
				C9E09BF5195A3BC7001FDE99 /* Model */,
				C9E09BD2195A3BAF001FDE99 /* Main.storyboard */,
				C9E09BD5195A3BAF001FDE99 /* CardGameViewController.h */,
				C9E09BD6195A3BAF001FDE99 /* CardGameViewController.m */,
				C9E09BD8195A3BAF001FDE99 /* Images.xcassets */,
				C9E09BC7195A3BAF001FDE99 /* Supporting Files */,
			);
			path = MatchGame;
			sourceTree = "<group>";
		};
		C9E09BC7195A3BAF001FDE99 /* Supporting Files */ = {
			isa = PBXGroup;
			children = (
				C9E09BCF195A3BAF001FDE99 /* CardGameAppDelegate.h */,
				C9E09BD0195A3BAF001FDE99 /* CardGameAppDelegate.m */,
				C9E09BC8195A3BAF001FDE99 /* MatchGame-Info.plist */,
				C9E09BC9195A3BAF001FDE99 /* InfoPlist.strings */,
				C9E09BCC195A3BAF001FDE99 /* main.m */,
				C9E09BCE195A3BAF001FDE99 /* MatchGame-Prefix.pch */,
			);
			name = "Supporting Files";
			sourceTree = "<group>";
		};
		C9E09BE5195A3BAF001FDE99 /* MatchGameTests */ = {
			isa = PBXGroup;
			children = (
				C9E09BEB195A3BAF001FDE99 /* MatchGameTests.m */,
				C9E09BE6195A3BAF001FDE99 /* Supporting Files */,
			);
			path = MatchGameTests;
			sourceTree = "<group>";
		};
		C9E09BE6195A3BAF001FDE99 /* Supporting Files */ = {
			isa = PBXGroup;
			children = (
				C9E09BE7195A3BAF001FDE99 /* MatchGameTests-Info.plist */,
				C9E09BE8195A3BAF001FDE99 /* InfoPlist.strings */,
			);
			name = "Supporting Files";
			sourceTree = "<group>";
		};
		C9E09BF5195A3BC7001FDE99 /* Model */ = {
			isa = PBXGroup;
			children = (
				C9E09BF9195A3C32001FDE99 /* Deck.h */,
				C9E09BFA195A3C32001FDE99 /* Deck.m */,
				C9E09BFB195A3C32001FDE99 /* PlayingCard.h */,
				C9E09BFC195A3C32001FDE99 /* PlayingCard.m */,
				C9E09BFD195A3C32001FDE99 /* PlayingCardDeck.h */,
				C9E09BFE195A3C32001FDE99 /* PlayingCardDeck.m */,
				C9E09BF6195A3C1F001FDE99 /* Card.h */,
				C9E09BF7195A3C1F001FDE99 /* Card.m */,
				C963C565195A4F9D00762062 /* CardMatchingGame.h */,
				C963C566195A4F9D00762062 /* CardMatchingGame.m */,
				C9D68D671976383F00CAA45D /* SetCard.h */,
				C9D68D681976383F00CAA45D /* SetCard.m */,
				C9D68D6A197653AB00CAA45D /* SetCardDeck.h */,
				C9D68D6B197653AB00CAA45D /* SetCardDeck.m */,
				C9C318AB1977837C00F45733 /* SetMatchingGame.h */,
				C9C318AC1977837C00F45733 /* SetMatchingGame.m */,
				C92B057C19BD32550053E270 /* SetGameViewController.h */,
				C92B057D19BD32550053E270 /* SetGameViewController.m */,
			);
			name = Model;
			sourceTree = "<group>";
		};
/* End PBXGroup section */

/* Begin PBXNativeTarget section */
		C9E09BBC195A3BAE001FDE99 /* MatchGame */ = {
			isa = PBXNativeTarget;
			buildConfigurationList = C9E09BEF195A3BAF001FDE99 /* Build configuration list for PBXNativeTarget "MatchGame" */;
			buildPhases = (
				C9E09BB9195A3BAE001FDE99 /* Sources */,
				C9E09BBA195A3BAE001FDE99 /* Frameworks */,
				C9E09BBB195A3BAE001FDE99 /* Resources */,
			);
			buildRules = (
			);
			dependencies = (
			);
			name = MatchGame;
			productName = MatchGame;
			productReference = C9E09BBD195A3BAF001FDE99 /* MatchGame.app */;
			productType = "com.apple.product-type.application";
		};
		C9E09BDD195A3BAF001FDE99 /* MatchGameTests */ = {
			isa = PBXNativeTarget;
			buildConfigurationList = C9E09BF2195A3BAF001FDE99 /* Build configuration list for PBXNativeTarget "MatchGameTests" */;
			buildPhases = (
				C9E09BDA195A3BAF001FDE99 /* Sources */,
				C9E09BDB195A3BAF001FDE99 /* Frameworks */,
				C9E09BDC195A3BAF001FDE99 /* Resources */,
			);
			buildRules = (
			);
			dependencies = (
				C9E09BE4195A3BAF001FDE99 /* PBXTargetDependency */,
			);
			name = MatchGameTests;
			productName = MatchGameTests;
			productReference = C9E09BDE195A3BAF001FDE99 /* MatchGameTests.xctest */;
			productType = "com.apple.product-type.bundle.unit-test";
		};
/* End PBXNativeTarget section */

/* Begin PBXProject section */
		C9E09BB5195A3BAE001FDE99 /* Project object */ = {
			isa = PBXProject;
			attributes = {
				CLASSPREFIX = CardGame;
				LastUpgradeCheck = 0510;
				ORGANIZATIONNAME = "Cubit Solutions";
				TargetAttributes = {
					C9E09BDD195A3BAF001FDE99 = {
						TestTargetID = C9E09BBC195A3BAE001FDE99;
					};
				};
			};
			buildConfigurationList = C9E09BB8195A3BAE001FDE99 /* Build configuration list for PBXProject "MatchGame" */;
			compatibilityVersion = "Xcode 3.2";
			developmentRegion = English;
			hasScannedForEncodings = 0;
			knownRegions = (
				en,
				Base,
			);
			mainGroup = C9E09BB4195A3BAE001FDE99;
			productRefGroup = C9E09BBE195A3BAF001FDE99 /* Products */;
			projectDirPath = "";
			projectRoot = "";
			targets = (
				C9E09BBC195A3BAE001FDE99 /* MatchGame */,
				C9E09BDD195A3BAF001FDE99 /* MatchGameTests */,
			);
		};
/* End PBXProject section */

/* Begin PBXResourcesBuildPhase section */
		C9E09BBB195A3BAE001FDE99 /* Resources */ = {
			isa = PBXResourcesBuildPhase;
			buildActionMask = 2147483647;
			files = (
				C9E09BD9195A3BAF001FDE99 /* Images.xcassets in Resources */,
				C9E09BCB195A3BAF001FDE99 /* InfoPlist.strings in Resources */,
				C9E09BD4195A3BAF001FDE99 /* Main.storyboard in Resources */,
			);
			runOnlyForDeploymentPostprocessing = 0;
		};
		C9E09BDC195A3BAF001FDE99 /* Resources */ = {
			isa = PBXResourcesBuildPhase;
			buildActionMask = 2147483647;
			files = (
				C9E09BEA195A3BAF001FDE99 /* InfoPlist.strings in Resources */,
			);
			runOnlyForDeploymentPostprocessing = 0;
		};
/* End PBXResourcesBuildPhase section */

/* Begin PBXSourcesBuildPhase section */
		C9E09BB9195A3BAE001FDE99 /* Sources */ = {
			isa = PBXSourcesBuildPhase;
			buildActionMask = 2147483647;
			files = (
				C9E09C00195A3C32001FDE99 /* PlayingCard.m in Sources */,
				C9C318AD1977837C00F45733 /* SetMatchingGame.m in Sources */,
				C92B057E19BD32550053E270 /* SetGameViewController.m in Sources */,
				C9E09BFF195A3C32001FDE99 /* Deck.m in Sources */,
				C9E09BD1195A3BAF001FDE99 /* CardGameAppDelegate.m in Sources */,
				C9D68D6C197653AB00CAA45D /* SetCardDeck.m in Sources */,
				C9E09BD7195A3BAF001FDE99 /* CardGameViewController.m in Sources */,
				C9D68D691976383F00CAA45D /* SetCard.m in Sources */,
				C963C567195A4F9D00762062 /* CardMatchingGame.m in Sources */,
				C9E09C01195A3C32001FDE99 /* PlayingCardDeck.m in Sources */,
				C9E09BCD195A3BAF001FDE99 /* main.m in Sources */,
				C9E09BF8195A3C1F001FDE99 /* Card.m in Sources */,
				C98D16CB196B27870039E3B2 /* PlayingCardGameViewController.m in Sources */,
			);
			runOnlyForDeploymentPostprocessing = 0;
		};
		C9E09BDA195A3BAF001FDE99 /* Sources */ = {
			isa = PBXSourcesBuildPhase;
			buildActionMask = 2147483647;
			files = (
				C9E09BEC195A3BAF001FDE99 /* MatchGameTests.m in Sources */,
			);
			runOnlyForDeploymentPostprocessing = 0;
		};
/* End PBXSourcesBuildPhase section */

/* Begin PBXTargetDependency section */
		C9E09BE4195A3BAF001FDE99 /* PBXTargetDependency */ = {
			isa = PBXTargetDependency;
			target = C9E09BBC195A3BAE001FDE99 /* MatchGame */;
			targetProxy = C9E09BE3195A3BAF001FDE99 /* PBXContainerItemProxy */;
		};
/* End PBXTargetDependency section */

/* Begin PBXVariantGroup section */
		C9E09BC9195A3BAF001FDE99 /* InfoPlist.strings */ = {
			isa = PBXVariantGroup;
			children = (
				C9E09BCA195A3BAF001FDE99 /* en */,
			);
			name = InfoPlist.strings;
			sourceTree = "<group>";
		};
		C9E09BD2195A3BAF001FDE99 /* Main.storyboard */ = {
			isa = PBXVariantGroup;
			children = (
				C9E09BD3195A3BAF001FDE99 /* Base */,
			);
			name = Main.storyboard;
			sourceTree = "<group>";
		};
		C9E09BE8195A3BAF001FDE99 /* InfoPlist.strings */ = {
			isa = PBXVariantGroup;
			children = (
				C9E09BE9195A3BAF001FDE99 /* en */,
			);
			name = InfoPlist.strings;
			sourceTree = "<group>";
		};
/* End PBXVariantGroup section */

/* Begin XCBuildConfiguration section */
		C9E09BED195A3BAF001FDE99 /* Debug */ = {
			isa = XCBuildConfiguration;
			buildSettings = {
				ALWAYS_SEARCH_USER_PATHS = NO;
				CLANG_CXX_LANGUAGE_STANDARD = "gnu++0x";
				CLANG_CXX_LIBRARY = "libc++";
				CLANG_ENABLE_MODULES = YES;
				CLANG_ENABLE_OBJC_ARC = YES;
				CLANG_WARN_BOOL_CONVERSION = YES;
				CLANG_WARN_CONSTANT_CONVERSION = YES;
				CLANG_WARN_DIRECT_OBJC_ISA_USAGE = YES_ERROR;
				CLANG_WARN_EMPTY_BODY = YES;
				CLANG_WARN_ENUM_CONVERSION = YES;
				CLANG_WARN_INT_CONVERSION = YES;
				CLANG_WARN_OBJC_ROOT_CLASS = YES_ERROR;
				CLANG_WARN__DUPLICATE_METHOD_MATCH = YES;
				"CODE_SIGN_IDENTITY[sdk=iphoneos*]" = "iPhone Developer";
				COPY_PHASE_STRIP = NO;
				GCC_C_LANGUAGE_STANDARD = gnu99;
				GCC_DYNAMIC_NO_PIC = NO;
				GCC_OPTIMIZATION_LEVEL = 0;
				GCC_PREPROCESSOR_DEFINITIONS = (
					"DEBUG=1",
					"$(inherited)",
				);
				GCC_SYMBOLS_PRIVATE_EXTERN = NO;
				GCC_WARN_64_TO_32_BIT_CONVERSION = YES;
				GCC_WARN_ABOUT_RETURN_TYPE = YES_ERROR;
				GCC_WARN_UNDECLARED_SELECTOR = YES;
				GCC_WARN_UNINITIALIZED_AUTOS = YES_AGGRESSIVE;
				GCC_WARN_UNUSED_FUNCTION = YES;
				GCC_WARN_UNUSED_VARIABLE = YES;
				IPHONEOS_DEPLOYMENT_TARGET = 7.1;
				ONLY_ACTIVE_ARCH = YES;
				SDKROOT = iphoneos;
			};
			name = Debug;
		};
		C9E09BEE195A3BAF001FDE99 /* Release */ = {
			isa = XCBuildConfiguration;
			buildSettings = {
				ALWAYS_SEARCH_USER_PATHS = NO;
				CLANG_CXX_LANGUAGE_STANDARD = "gnu++0x";
				CLANG_CXX_LIBRARY = "libc++";
				CLANG_ENABLE_MODULES = YES;
				CLANG_ENABLE_OBJC_ARC = YES;
				CLANG_WARN_BOOL_CONVERSION = YES;
				CLANG_WARN_CONSTANT_CONVERSION = YES;
				CLANG_WARN_DIRECT_OBJC_ISA_USAGE = YES_ERROR;
				CLANG_WARN_EMPTY_BODY = YES;
				CLANG_WARN_ENUM_CONVERSION = YES;
				CLANG_WARN_INT_CONVERSION = YES;
				CLANG_WARN_OBJC_ROOT_CLASS = YES_ERROR;
				CLANG_WARN__DUPLICATE_METHOD_MATCH = YES;
				"CODE_SIGN_IDENTITY[sdk=iphoneos*]" = "iPhone Developer";
				COPY_PHASE_STRIP = YES;
				ENABLE_NS_ASSERTIONS = NO;
				GCC_C_LANGUAGE_STANDARD = gnu99;
				GCC_WARN_64_TO_32_BIT_CONVERSION = YES;
				GCC_WARN_ABOUT_RETURN_TYPE = YES_ERROR;
				GCC_WARN_UNDECLARED_SELECTOR = YES;
				GCC_WARN_UNINITIALIZED_AUTOS = YES_AGGRESSIVE;
				GCC_WARN_UNUSED_FUNCTION = YES;
				GCC_WARN_UNUSED_VARIABLE = YES;
				IPHONEOS_DEPLOYMENT_TARGET = 7.1;
				SDKROOT = iphoneos;
				VALIDATE_PRODUCT = YES;
			};
			name = Release;
		};
		C9E09BF0195A3BAF001FDE99 /* Debug */ = {
			isa = XCBuildConfiguration;
			buildSettings = {
				ASSETCATALOG_COMPILER_APPICON_NAME = AppIcon;
				ASSETCATALOG_COMPILER_LAUNCHIMAGE_NAME = LaunchImage;
				GCC_PRECOMPILE_PREFIX_HEADER = YES;
				GCC_PREFIX_HEADER = "MatchGame/MatchGame-Prefix.pch";
				INFOPLIST_FILE = "MatchGame/MatchGame-Info.plist";
				PRODUCT_NAME = "$(TARGET_NAME)";
				WRAPPER_EXTENSION = app;
			};
			name = Debug;
		};
		C9E09BF1195A3BAF001FDE99 /* Release */ = {
			isa = XCBuildConfiguration;
			buildSettings = {
				ASSETCATALOG_COMPILER_APPICON_NAME = AppIcon;
				ASSETCATALOG_COMPILER_LAUNCHIMAGE_NAME = LaunchImage;
				GCC_PRECOMPILE_PREFIX_HEADER = YES;
				GCC_PREFIX_HEADER = "MatchGame/MatchGame-Prefix.pch";
				INFOPLIST_FILE = "MatchGame/MatchGame-Info.plist";
				PRODUCT_NAME = "$(TARGET_NAME)";
				WRAPPER_EXTENSION = app;
			};
			name = Release;
		};
		C9E09BF3195A3BAF001FDE99 /* Debug */ = {
			isa = XCBuildConfiguration;
			buildSettings = {
				BUNDLE_LOADER = "$(BUILT_PRODUCTS_DIR)/MatchGame.app/MatchGame";
				FRAMEWORK_SEARCH_PATHS = (
					"$(SDKROOT)/Developer/Library/Frameworks",
					"$(inherited)",
					"$(DEVELOPER_FRAMEWORKS_DIR)",
				);
				GCC_PRECOMPILE_PREFIX_HEADER = YES;
				GCC_PREFIX_HEADER = "MatchGame/MatchGame-Prefix.pch";
				GCC_PREPROCESSOR_DEFINITIONS = (
					"DEBUG=1",
					"$(inherited)",
				);
				INFOPLIST_FILE = "MatchGameTests/MatchGameTests-Info.plist";
				PRODUCT_NAME = "$(TARGET_NAME)";
				TEST_HOST = "$(BUNDLE_LOADER)";
				WRAPPER_EXTENSION = xctest;
			};
			name = Debug;
		};
		C9E09BF4195A3BAF001FDE99 /* Release */ = {
			isa = XCBuildConfiguration;
			buildSettings = {
				BUNDLE_LOADER = "$(BUILT_PRODUCTS_DIR)/MatchGame.app/MatchGame";
				FRAMEWORK_SEARCH_PATHS = (
					"$(SDKROOT)/Developer/Library/Frameworks",
					"$(inherited)",
					"$(DEVELOPER_FRAMEWORKS_DIR)",
				);
				GCC_PRECOMPILE_PREFIX_HEADER = YES;
				GCC_PREFIX_HEADER = "MatchGame/MatchGame-Prefix.pch";
				INFOPLIST_FILE = "MatchGameTests/MatchGameTests-Info.plist";
				PRODUCT_NAME = "$(TARGET_NAME)";
				TEST_HOST = "$(BUNDLE_LOADER)";
				WRAPPER_EXTENSION = xctest;
			};
			name = Release;
		};
/* End XCBuildConfiguration section */

/* Begin XCConfigurationList section */
		C9E09BB8195A3BAE001FDE99 /* Build configuration list for PBXProject "MatchGame" */ = {
			isa = XCConfigurationList;
			buildConfigurations = (
				C9E09BED195A3BAF001FDE99 /* Debug */,
				C9E09BEE195A3BAF001FDE99 /* Release */,
			);
			defaultConfigurationIsVisible = 0;
			defaultConfigurationName = Release;
		};
		C9E09BEF195A3BAF001FDE99 /* Build configuration list for PBXNativeTarget "MatchGame" */ = {
			isa = XCConfigurationList;
			buildConfigurations = (
				C9E09BF0195A3BAF001FDE99 /* Debug */,
				C9E09BF1195A3BAF001FDE99 /* Release */,
			);
			defaultConfigurationIsVisible = 0;
			defaultConfigurationName = Release;
		};
		C9E09BF2195A3BAF001FDE99 /* Build configuration list for PBXNativeTarget "MatchGameTests" */ = {
			isa = XCConfigurationList;
			buildConfigurations = (
				C9E09BF3195A3BAF001FDE99 /* Debug */,
				C9E09BF4195A3BAF001FDE99 /* Release */,
			);
			defaultConfigurationIsVisible = 0;
			defaultConfigurationName = Release;
		};
/* End XCConfigurationList section */
	};
	rootObject = C9E09BB5195A3BAE001FDE99 /* Project object */;
}
